// !$*UTF8*$!
{
	archiveVersion = 1;
	classes = {
	};
	objectVersion = 56;
	objects = {

/* Begin PBXBuildFile section */
		BF1D8B4B2AE68CD6001737C3 /* CaloriCalcApp.swift in Sources */ = {isa = PBXBuildFile; fileRef = BF1D8B4A2AE68CD6001737C3 /* CaloriCalcApp.swift */; };
		BF1D8B4D2AE68CD6001737C3 /* ContentView.swift in Sources */ = {isa = PBXBuildFile; fileRef = BF1D8B4C2AE68CD6001737C3 /* ContentView.swift */; };
		BF1D8B4F2AE68CD7001737C3 /* Assets.xcassets in Resources */ = {isa = PBXBuildFile; fileRef = BF1D8B4E2AE68CD7001737C3 /* Assets.xcassets */; };
		BF1D8B522AE68CD7001737C3 /* Preview Assets.xcassets in Resources */ = {isa = PBXBuildFile; fileRef = BF1D8B512AE68CD7001737C3 /* Preview Assets.xcassets */; };
		BF1D8B5C2AE68CD7001737C3 /* CaloriCalcTests.swift in Sources */ = {isa = PBXBuildFile; fileRef = BF1D8B5B2AE68CD7001737C3 /* CaloriCalcTests.swift */; };
		BF1D8B662AE68CD7001737C3 /* CaloriCalcUITests.swift in Sources */ = {isa = PBXBuildFile; fileRef = BF1D8B652AE68CD7001737C3 /* CaloriCalcUITests.swift */; };
		BF1D8B682AE68CD7001737C3 /* CaloriCalcUITestsLaunchTests.swift in Sources */ = {isa = PBXBuildFile; fileRef = BF1D8B672AE68CD7001737C3 /* CaloriCalcUITestsLaunchTests.swift */; };
		BF1D8B752AE699A4001737C3 /* CalcSample.swift in Sources */ = {isa = PBXBuildFile; fileRef = BF1D8B742AE699A4001737C3 /* CalcSample.swift */; };
/* End PBXBuildFile section */

/* Begin PBXContainerItemProxy section */
		BF1D8B582AE68CD7001737C3 /* PBXContainerItemProxy */ = {
			isa = PBXContainerItemProxy;
			containerPortal = BF1D8B3F2AE68CD6001737C3 /* Project object */;
			proxyType = 1;
			remoteGlobalIDString = BF1D8B462AE68CD6001737C3;
			remoteInfo = CaloriCalc;
		};
		BF1D8B622AE68CD7001737C3 /* PBXContainerItemProxy */ = {
			isa = PBXContainerItemProxy;
			containerPortal = BF1D8B3F2AE68CD6001737C3 /* Project object */;
			proxyType = 1;
			remoteGlobalIDString = BF1D8B462AE68CD6001737C3;
			remoteInfo = CaloriCalc;
		};
/* End PBXContainerItemProxy section */

/* Begin PBXFileReference section */
		BF1D8B472AE68CD6001737C3 /* CaloriCalc.app */ = {isa = PBXFileReference; explicitFileType = wrapper.application; includeInIndex = 0; path = CaloriCalc.app; sourceTree = BUILT_PRODUCTS_DIR; };
		BF1D8B4A2AE68CD6001737C3 /* CaloriCalcApp.swift */ = {isa = PBXFileReference; lastKnownFileType = sourcecode.swift; path = CaloriCalcApp.swift; sourceTree = "<group>"; };
		BF1D8B4C2AE68CD6001737C3 /* ContentView.swift */ = {isa = PBXFileReference; lastKnownFileType = sourcecode.swift; path = ContentView.swift; sourceTree = "<group>"; };
		BF1D8B4E2AE68CD7001737C3 /* Assets.xcassets */ = {isa = PBXFileReference; lastKnownFileType = folder.assetcatalog; path = Assets.xcassets; sourceTree = "<group>"; };
		BF1D8B512AE68CD7001737C3 /* Preview Assets.xcassets */ = {isa = PBXFileReference; lastKnownFileType = folder.assetcatalog; path = "Preview Assets.xcassets"; sourceTree = "<group>"; };
		BF1D8B572AE68CD7001737C3 /* CaloriCalcTests.xctest */ = {isa = PBXFileReference; explicitFileType = wrapper.cfbundle; includeInIndex = 0; path = CaloriCalcTests.xctest; sourceTree = BUILT_PRODUCTS_DIR; };
		BF1D8B5B2AE68CD7001737C3 /* CaloriCalcTests.swift */ = {isa = PBXFileReference; lastKnownFileType = sourcecode.swift; path = CaloriCalcTests.swift; sourceTree = "<group>"; };
		BF1D8B612AE68CD7001737C3 /* CaloriCalcUITests.xctest */ = {isa = PBXFileReference; explicitFileType = wrapper.cfbundle; includeInIndex = 0; path = CaloriCalcUITests.xctest; sourceTree = BUILT_PRODUCTS_DIR; };
		BF1D8B652AE68CD7001737C3 /* CaloriCalcUITests.swift */ = {isa = PBXFileReference; lastKnownFileType = sourcecode.swift; path = CaloriCalcUITests.swift; sourceTree = "<group>"; };
		BF1D8B672AE68CD7001737C3 /* CaloriCalcUITestsLaunchTests.swift */ = {isa = PBXFileReference; lastKnownFileType = sourcecode.swift; path = CaloriCalcUITestsLaunchTests.swift; sourceTree = "<group>"; };
		BF1D8B742AE699A4001737C3 /* CalcSample.swift */ = {isa = PBXFileReference; lastKnownFileType = sourcecode.swift; path = CalcSample.swift; sourceTree = "<group>"; };
/* End PBXFileReference section */

/* Begin PBXFrameworksBuildPhase section */
		BF1D8B442AE68CD6001737C3 /* Frameworks */ = {
			isa = PBXFrameworksBuildPhase;
			buildActionMask = 2147483647;
			files = (
			);
			runOnlyForDeploymentPostprocessing = 0;
		};
		BF1D8B542AE68CD7001737C3 /* Frameworks */ = {
			isa = PBXFrameworksBuildPhase;
			buildActionMask = 2147483647;
			files = (
			);
			runOnlyForDeploymentPostprocessing = 0;
		};
		BF1D8B5E2AE68CD7001737C3 /* Frameworks */ = {
			isa = PBXFrameworksBuildPhase;
			buildActionMask = 2147483647;
			files = (
			);
			runOnlyForDeploymentPostprocessing = 0;
		};
/* End PBXFrameworksBuildPhase section */

/* Begin PBXGroup section */
		BF1D8B3E2AE68CD6001737C3 = {
			isa = PBXGroup;
			children = (
				BF1D8B492AE68CD6001737C3 /* CaloriCalc */,
				BF1D8B5A2AE68CD7001737C3 /* CaloriCalcTests */,
				BF1D8B642AE68CD7001737C3 /* CaloriCalcUITests */,
				BF1D8B482AE68CD6001737C3 /* Products */,
			);
			sourceTree = "<group>";
		};
		BF1D8B482AE68CD6001737C3 /* Products */ = {
			isa = PBXGroup;
			children = (
				BF1D8B472AE68CD6001737C3 /* CaloriCalc.app */,
				BF1D8B572AE68CD7001737C3 /* CaloriCalcTests.xctest */,
				BF1D8B612AE68CD7001737C3 /* CaloriCalcUITests.xctest */,
			);
			name = Products;
			sourceTree = "<group>";
		};
		BF1D8B492AE68CD6001737C3 /* CaloriCalc */ = {
			isa = PBXGroup;
			children = (
				BF1D8B4A2AE68CD6001737C3 /* CaloriCalcApp.swift */,
				BF1D8B4C2AE68CD6001737C3 /* ContentView.swift */,
				BF1D8B4E2AE68CD7001737C3 /* Assets.xcassets */,
				BF1D8B502AE68CD7001737C3 /* Preview Content */,
				BF1D8B742AE699A4001737C3 /* CalcSample.swift */,
			);
			path = CaloriCalc;
			sourceTree = "<group>";
		};
		BF1D8B502AE68CD7001737C3 /* Preview Content */ = {
			isa = PBXGroup;
			children = (
				BF1D8B512AE68CD7001737C3 /* Preview Assets.xcassets */,
			);
			path = "Preview Content";
			sourceTree = "<group>";
		};
		BF1D8B5A2AE68CD7001737C3 /* CaloriCalcTests */ = {
			isa = PBXGroup;
			children = (
				BF1D8B5B2AE68CD7001737C3 /* CaloriCalcTests.swift */,
			);
			path = CaloriCalcTests;
			sourceTree = "<group>";
		};
		BF1D8B642AE68CD7001737C3 /* CaloriCalcUITests */ = {
			isa = PBXGroup;
			children = (
				BF1D8B652AE68CD7001737C3 /* CaloriCalcUITests.swift */,
				BF1D8B672AE68CD7001737C3 /* CaloriCalcUITestsLaunchTests.swift */,
			);
			path = CaloriCalcUITests;
			sourceTree = "<group>";
		};
/* End PBXGroup section */

/* Begin PBXNativeTarget section */
		BF1D8B462AE68CD6001737C3 /* CaloriCalc */ = {
			isa = PBXNativeTarget;
			buildConfigurationList = BF1D8B6B2AE68CD7001737C3 /* Build configuration list for PBXNativeTarget "CaloriCalc" */;
			buildPhases = (
				BF1D8B432AE68CD6001737C3 /* Sources */,
				BF1D8B442AE68CD6001737C3 /* Frameworks */,
				BF1D8B452AE68CD6001737C3 /* Resources */,
			);
			buildRules = (
			);
			dependencies = (
			);
			name = CaloriCalc;
			productName = CaloriCalc;
			productReference = BF1D8B472AE68CD6001737C3 /* CaloriCalc.app */;
			productType = "com.apple.product-type.application";
		};
		BF1D8B562AE68CD7001737C3 /* CaloriCalcTests */ = {
			isa = PBXNativeTarget;
			buildConfigurationList = BF1D8B6E2AE68CD7001737C3 /* Build configuration list for PBXNativeTarget "CaloriCalcTests" */;
			buildPhases = (
				BF1D8B532AE68CD7001737C3 /* Sources */,
				BF1D8B542AE68CD7001737C3 /* Frameworks */,
				BF1D8B552AE68CD7001737C3 /* Resources */,
			);
			buildRules = (
			);
			dependencies = (
				BF1D8B592AE68CD7001737C3 /* PBXTargetDependency */,
			);
			name = CaloriCalcTests;
			productName = CaloriCalcTests;
			productReference = BF1D8B572AE68CD7001737C3 /* CaloriCalcTests.xctest */;
			productType = "com.apple.product-type.bundle.unit-test";
		};
		BF1D8B602AE68CD7001737C3 /* CaloriCalcUITests */ = {
			isa = PBXNativeTarget;
			buildConfigurationList = BF1D8B712AE68CD7001737C3 /* Build configuration list for PBXNativeTarget "CaloriCalcUITests" */;
			buildPhases = (
				BF1D8B5D2AE68CD7001737C3 /* Sources */,
				BF1D8B5E2AE68CD7001737C3 /* Frameworks */,
				BF1D8B5F2AE68CD7001737C3 /* Resources */,
			);
			buildRules = (
			);
			dependencies = (
				BF1D8B632AE68CD7001737C3 /* PBXTargetDependency */,
			);
			name = CaloriCalcUITests;
			productName = CaloriCalcUITests;
			productReference = BF1D8B612AE68CD7001737C3 /* CaloriCalcUITests.xctest */;
			productType = "com.apple.product-type.bundle.ui-testing";
		};
/* End PBXNativeTarget section */

/* Begin PBXProject section */
		BF1D8B3F2AE68CD6001737C3 /* Project object */ = {
			isa = PBXProject;
			attributes = {
				BuildIndependentTargetsInParallel = 1;
				LastSwiftUpdateCheck = 1500;
				LastUpgradeCheck = 1500;
				TargetAttributes = {
					BF1D8B462AE68CD6001737C3 = {
						CreatedOnToolsVersion = 15.0.1;
					};
					BF1D8B562AE68CD7001737C3 = {
						CreatedOnToolsVersion = 15.0.1;
						TestTargetID = BF1D8B462AE68CD6001737C3;
					};
					BF1D8B602AE68CD7001737C3 = {
						CreatedOnToolsVersion = 15.0.1;
						TestTargetID = BF1D8B462AE68CD6001737C3;
					};
				};
			};
			buildConfigurationList = BF1D8B422AE68CD6001737C3 /* Build configuration list for PBXProject "CaloriCalc" */;
			compatibilityVersion = "Xcode 14.0";
			developmentRegion = en;
			hasScannedForEncodings = 0;
			knownRegions = (
				en,
				Base,
			);
			mainGroup = BF1D8B3E2AE68CD6001737C3;
			productRefGroup = BF1D8B482AE68CD6001737C3 /* Products */;
			projectDirPath = "";
			projectRoot = "";
			targets = (
				BF1D8B462AE68CD6001737C3 /* CaloriCalc */,
				BF1D8B562AE68CD7001737C3 /* CaloriCalcTests */,
				BF1D8B602AE68CD7001737C3 /* CaloriCalcUITests */,
			);
		};
/* End PBXProject section */

/* Begin PBXResourcesBuildPhase section */
		BF1D8B452AE68CD6001737C3 /* Resources */ = {
			isa = PBXResourcesBuildPhase;
			buildActionMask = 2147483647;
			files = (
				BF1D8B522AE68CD7001737C3 /* Preview Assets.xcassets in Resources */,
				BF1D8B4F2AE68CD7001737C3 /* Assets.xcassets in Resources */,
			);
			runOnlyForDeploymentPostprocessing = 0;
		};
		BF1D8B552AE68CD7001737C3 /* Resources */ = {
			isa = PBXResourcesBuildPhase;
			buildActionMask = 2147483647;
			files = (
			);
			runOnlyForDeploymentPostprocessing = 0;
		};
		BF1D8B5F2AE68CD7001737C3 /* Resources */ = {
			isa = PBXResourcesBuildPhase;
			buildActionMask = 2147483647;
			files = (
			);
			runOnlyForDeploymentPostprocessing = 0;
		};
/* End PBXResourcesBuildPhase section */

/* Begin PBXSourcesBuildPhase section */
		BF1D8B432AE68CD6001737C3 /* Sources */ = {
			isa = PBXSourcesBuildPhase;
			buildActionMask = 2147483647;
			files = (
				BF1D8B4D2AE68CD6001737C3 /* ContentView.swift in Sources */,
				BF1D8B752AE699A4001737C3 /* CalcSample.swift in Sources */,
				BF1D8B4B2AE68CD6001737C3 /* CaloriCalcApp.swift in Sources */,
			);
			runOnlyForDeploymentPostprocessing = 0;
		};
		BF1D8B532AE68CD7001737C3 /* Sources */ = {
			isa = PBXSourcesBuildPhase;
			buildActionMask = 2147483647;
			files = (
				BF1D8B5C2AE68CD7001737C3 /* CaloriCalcTests.swift in Sources */,
			);
			runOnlyForDeploymentPostprocessing = 0;
		};
		BF1D8B5D2AE68CD7001737C3 /* Sources */ = {
			isa = PBXSourcesBuildPhase;
			buildActionMask = 2147483647;
			files = (
				BF1D8B662AE68CD7001737C3 /* CaloriCalcUITests.swift in Sources */,
				BF1D8B682AE68CD7001737C3 /* CaloriCalcUITestsLaunchTests.swift in Sources */,
			);
			runOnlyForDeploymentPostprocessing = 0;
		};
/* End PBXSourcesBuildPhase section */

/* Begin PBXTargetDependency section */
		BF1D8B592AE68CD7001737C3 /* PBXTargetDependency */ = {
			isa = PBXTargetDependency;
			target = BF1D8B462AE68CD6001737C3 /* CaloriCalc */;
			targetProxy = BF1D8B582AE68CD7001737C3 /* PBXContainerItemProxy */;
		};
		BF1D8B632AE68CD7001737C3 /* PBXTargetDependency */ = {
			isa = PBXTargetDependency;
			target = BF1D8B462AE68CD6001737C3 /* CaloriCalc */;
			targetProxy = BF1D8B622AE68CD7001737C3 /* PBXContainerItemProxy */;
		};
/* End PBXTargetDependency section */

/* Begin XCBuildConfiguration section */
		BF1D8B692AE68CD7001737C3 /* Debug */ = {
			isa = XCBuildConfiguration;
			buildSettings = {
				ALWAYS_SEARCH_USER_PATHS = NO;
				ASSETCATALOG_COMPILER_GENERATE_SWIFT_ASSET_SYMBOL_EXTENSIONS = YES;
				CLANG_ANALYZER_NONNULL = YES;
				CLANG_ANALYZER_NUMBER_OBJECT_CONVERSION = YES_AGGRESSIVE;
				CLANG_CXX_LANGUAGE_STANDARD = "gnu++20";
				CLANG_ENABLE_MODULES = YES;
				CLANG_ENABLE_OBJC_ARC = YES;
				CLANG_ENABLE_OBJC_WEAK = YES;
				CLANG_WARN_BLOCK_CAPTURE_AUTORELEASING = YES;
				CLANG_WARN_BOOL_CONVERSION = YES;
				CLANG_WARN_COMMA = YES;
				CLANG_WARN_CONSTANT_CONVERSION = YES;
				CLANG_WARN_DEPRECATED_OBJC_IMPLEMENTATIONS = YES;
				CLANG_WARN_DIRECT_OBJC_ISA_USAGE = YES_ERROR;
				CLANG_WARN_DOCUMENTATION_COMMENTS = YES;
				CLANG_WARN_EMPTY_BODY = YES;
				CLANG_WARN_ENUM_CONVERSION = YES;
				CLANG_WARN_INFINITE_RECURSION = YES;
				CLANG_WARN_INT_CONVERSION = YES;
				CLANG_WARN_NON_LITERAL_NULL_CONVERSION = YES;
				CLANG_WARN_OBJC_IMPLICIT_RETAIN_SELF = YES;
				CLANG_WARN_OBJC_LITERAL_CONVERSION = YES;
				CLANG_WARN_OBJC_ROOT_CLASS = YES_ERROR;
				CLANG_WARN_QUOTED_INCLUDE_IN_FRAMEWORK_HEADER = YES;
				CLANG_WARN_RANGE_LOOP_ANALYSIS = YES;
				CLANG_WARN_STRICT_PROTOTYPES = YES;
				CLANG_WARN_SUSPICIOUS_MOVE = YES;
				CLANG_WARN_UNGUARDED_AVAILABILITY = YES_AGGRESSIVE;
				CLANG_WARN_UNREACHABLE_CODE = YES;
				CLANG_WARN__DUPLICATE_METHOD_MATCH = YES;
				COPY_PHASE_STRIP = NO;
				DEBUG_INFORMATION_FORMAT = dwarf;
				ENABLE_STRICT_OBJC_MSGSEND = YES;
				ENABLE_TESTABILITY = YES;
				ENABLE_USER_SCRIPT_SANDBOXING = YES;
				GCC_C_LANGUAGE_STANDARD = gnu17;
				GCC_DYNAMIC_NO_PIC = NO;
				GCC_NO_COMMON_BLOCKS = YES;
				GCC_OPTIMIZATION_LEVEL = 0;
				GCC_PREPROCESSOR_DEFINITIONS = (
					"DEBUG=1",
					"$(inherited)",
				);
				GCC_WARN_64_TO_32_BIT_CONVERSION = YES;
				GCC_WARN_ABOUT_RETURN_TYPE = YES_ERROR;
				GCC_WARN_UNDECLARED_SELECTOR = YES;
				GCC_WARN_UNINITIALIZED_AUTOS = YES_AGGRESSIVE;
				GCC_WARN_UNUSED_FUNCTION = YES;
				GCC_WARN_UNUSED_VARIABLE = YES;
				IPHONEOS_DEPLOYMENT_TARGET = 17.0;
				LOCALIZATION_PREFERS_STRING_CATALOGS = YES;
				MTL_ENABLE_DEBUG_INFO = INCLUDE_SOURCE;
				MTL_FAST_MATH = YES;
				ONLY_ACTIVE_ARCH = YES;
				SDKROOT = iphoneos;
				SWIFT_ACTIVE_COMPILATION_CONDITIONS = "DEBUG $(inherited)";
				SWIFT_OPTIMIZATION_LEVEL = "-Onone";
			};
			name = Debug;
		};
		BF1D8B6A2AE68CD7001737C3 /* Release */ = {
			isa = XCBuildConfiguration;
			buildSettings = {
				ALWAYS_SEARCH_USER_PATHS = NO;
				ASSETCATALOG_COMPILER_GENERATE_SWIFT_ASSET_SYMBOL_EXTENSIONS = YES;
				CLANG_ANALYZER_NONNULL = YES;
				CLANG_ANALYZER_NUMBER_OBJECT_CONVERSION = YES_AGGRESSIVE;
				CLANG_CXX_LANGUAGE_STANDARD = "gnu++20";
				CLANG_ENABLE_MODULES = YES;
				CLANG_ENABLE_OBJC_ARC = YES;
				CLANG_ENABLE_OBJC_WEAK = YES;
				CLANG_WARN_BLOCK_CAPTURE_AUTORELEASING = YES;
				CLANG_WARN_BOOL_CONVERSION = YES;
				CLANG_WARN_COMMA = YES;
				CLANG_WARN_CONSTANT_CONVERSION = YES;
				CLANG_WARN_DEPRECATED_OBJC_IMPLEMENTATIONS = YES;
				CLANG_WARN_DIRECT_OBJC_ISA_USAGE = YES_ERROR;
				CLANG_WARN_DOCUMENTATION_COMMENTS = YES;
				CLANG_WARN_EMPTY_BODY = YES;
				CLANG_WARN_ENUM_CONVERSION = YES;
				CLANG_WARN_INFINITE_RECURSION = YES;
				CLANG_WARN_INT_CONVERSION = YES;
				CLANG_WARN_NON_LITERAL_NULL_CONVERSION = YES;
				CLANG_WARN_OBJC_IMPLICIT_RETAIN_SELF = YES;
				CLANG_WARN_OBJC_LITERAL_CONVERSION = YES;
				CLANG_WARN_OBJC_ROOT_CLASS = YES_ERROR;
				CLANG_WARN_QUOTED_INCLUDE_IN_FRAMEWORK_HEADER = YES;
				CLANG_WARN_RANGE_LOOP_ANALYSIS = YES;
				CLANG_WARN_STRICT_PROTOTYPES = YES;
				CLANG_WARN_SUSPICIOUS_MOVE = YES;
				CLANG_WARN_UNGUARDED_AVAILABILITY = YES_AGGRESSIVE;
				CLANG_WARN_UNREACHABLE_CODE = YES;
				CLANG_WARN__DUPLICATE_METHOD_MATCH = YES;
				COPY_PHASE_STRIP = NO;
				DEBUG_INFORMATION_FORMAT = "dwarf-with-dsym";
				ENABLE_NS_ASSERTIONS = NO;
				ENABLE_STRICT_OBJC_MSGSEND = YES;
				ENABLE_USER_SCRIPT_SANDBOXING = YES;
				GCC_C_LANGUAGE_STANDARD = gnu17;
				GCC_NO_COMMON_BLOCKS = YES;
				GCC_WARN_64_TO_32_BIT_CONVERSION = YES;
				GCC_WARN_ABOUT_RETURN_TYPE = YES_ERROR;
				GCC_WARN_UNDECLARED_SELECTOR = YES;
				GCC_WARN_UNINITIALIZED_AUTOS = YES_AGGRESSIVE;
				GCC_WARN_UNUSED_FUNCTION = YES;
				GCC_WARN_UNUSED_VARIABLE = YES;
				IPHONEOS_DEPLOYMENT_TARGET = 17.0;
				LOCALIZATION_PREFERS_STRING_CATALOGS = YES;
				MTL_ENABLE_DEBUG_INFO = NO;
				MTL_FAST_MATH = YES;
				SDKROOT = iphoneos;
				SWIFT_COMPILATION_MODE = wholemodule;
				VALIDATE_PRODUCT = YES;
			};
			name = Release;
		};
		BF1D8B6C2AE68CD7001737C3 /* Debug */ = {
			isa = XCBuildConfiguration;
			buildSettings = {
				ASSETCATALOG_COMPILER_APPICON_NAME = AppIcon;
				ASSETCATALOG_COMPILER_GLOBAL_ACCENT_COLOR_NAME = AccentColor;
				CODE_SIGN_STYLE = Automatic;
				CURRENT_PROJECT_VERSION = 1;
				DEVELOPMENT_ASSET_PATHS = "\"CaloriCalc/Preview Content\"";
				ENABLE_PREVIEWS = YES;
				GENERATE_INFOPLIST_FILE = YES;
				INFOPLIST_KEY_UIApplicationSceneManifest_Generation = YES;
				INFOPLIST_KEY_UIApplicationSupportsIndirectInputEvents = YES;
				INFOPLIST_KEY_UILaunchScreen_Generation = YES;
				INFOPLIST_KEY_UISupportedInterfaceOrientations_iPad = "UIInterfaceOrientationPortrait UIInterfaceOrientationPortraitUpsideDown UIInterfaceOrientationLandscapeLeft UIInterfaceOrientationLandscapeRight";
				INFOPLIST_KEY_UISupportedInterfaceOrientations_iPhone = "UIInterfaceOrientationPortrait UIInterfaceOrientationLandscapeLeft UIInterfaceOrientationLandscapeRight";
				LD_RUNPATH_SEARCH_PATHS = (
					"$(inherited)",
					"@executable_path/Frameworks",
				);
				MARKETING_VERSION = 1.0;
				PRODUCT_BUNDLE_IDENTIFIER = com.SpotifyTemplate.CaloriCalc;
				PRODUCT_NAME = "$(TARGET_NAME)";
				SWIFT_EMIT_LOC_STRINGS = YES;
				SWIFT_VERSION = 5.0;
				TARGETED_DEVICE_FAMILY = "1,2";
			};
			name = Debug;
		};
		BF1D8B6D2AE68CD7001737C3 /* Release */ = {
			isa = XCBuildConfiguration;
			buildSettings = {
				ASSETCATALOG_COMPILER_APPICON_NAME = AppIcon;
				ASSETCATALOG_COMPILER_GLOBAL_ACCENT_COLOR_NAME = AccentColor;
				CODE_SIGN_STYLE = Automatic;
				CURRENT_PROJECT_VERSION = 1;
				DEVELOPMENT_ASSET_PATHS = "\"CaloriCalc/Preview Content\"";
				ENABLE_PREVIEWS = YES;
				GENERATE_INFOPLIST_FILE = YES;
				INFOPLIST_KEY_UIApplicationSceneManifest_Generation = YES;
				INFOPLIST_KEY_UIApplicationSupportsIndirectInputEvents = YES;
				INFOPLIST_KEY_UILaunchScreen_Generation = YES;
				INFOPLIST_KEY_UISupportedInterfaceOrientations_iPad = "UIInterfaceOrientationPortrait UIInterfaceOrientationPortraitUpsideDown UIInterfaceOrientationLandscapeLeft UIInterfaceOrientationLandscapeRight";
				INFOPLIST_KEY_UISupportedInterfaceOrientations_iPhone = "UIInterfaceOrientationPortrait UIInterfaceOrientationLandscapeLeft UIInterfaceOrientationLandscapeRight";
				LD_RUNPATH_SEARCH_PATHS = (
					"$(inherited)",
					"@executable_path/Frameworks",
				);
				MARKETING_VERSION = 1.0;
				PRODUCT_BUNDLE_IDENTIFIER = com.SpotifyTemplate.CaloriCalc;
				PRODUCT_NAME = "$(TARGET_NAME)";
				SWIFT_EMIT_LOC_STRINGS = YES;
				SWIFT_VERSION = 5.0;
				TARGETED_DEVICE_FAMILY = "1,2";
			};
			name = Release;
		};
		BF1D8B6F2AE68CD7001737C3 /* Debug */ = {
			isa = XCBuildConfiguration;
			buildSettings = {
				ALWAYS_EMBED_SWIFT_STANDARD_LIBRARIES = YES;
				BUNDLE_LOADER = "$(TEST_HOST)";
				CODE_SIGN_STYLE = Automatic;
				CURRENT_PROJECT_VERSION = 1;
				GENERATE_INFOPLIST_FILE = YES;
				IPHONEOS_DEPLOYMENT_TARGET = 17.0;
				MARKETING_VERSION = 1.0;
				PRODUCT_BUNDLE_IDENTIFIER = com.SpotifyTemplate.CaloriCalcTests;
				PRODUCT_NAME = "$(TARGET_NAME)";
				SWIFT_EMIT_LOC_STRINGS = NO;
				SWIFT_VERSION = 5.0;
				TARGETED_DEVICE_FAMILY = "1,2";
				TEST_HOST = "$(BUILT_PRODUCTS_DIR)/CaloriCalc.app/$(BUNDLE_EXECUTABLE_FOLDER_PATH)/CaloriCalc";
			};
			name = Debug;
		};
		BF1D8B702AE68CD7001737C3 /* Release */ = {
			isa = XCBuildConfiguration;
			buildSettings = {
				ALWAYS_EMBED_SWIFT_STANDARD_LIBRARIES = YES;
				BUNDLE_LOADER = "$(TEST_HOST)";
				CODE_SIGN_STYLE = Automatic;
				CURRENT_PROJECT_VERSION = 1;
				GENERATE_INFOPLIST_FILE = YES;
				IPHONEOS_DEPLOYMENT_TARGET = 17.0;
				MARKETING_VERSION = 1.0;
				PRODUCT_BUNDLE_IDENTIFIER = com.SpotifyTemplate.CaloriCalcTests;
				PRODUCT_NAME = "$(TARGET_NAME)";
				SWIFT_EMIT_LOC_STRINGS = NO;
				SWIFT_VERSION = 5.0;
				TARGETED_DEVICE_FAMILY = "1,2";
				TEST_HOST = "$(BUILT_PRODUCTS_DIR)/CaloriCalc.app/$(BUNDLE_EXECUTABLE_FOLDER_PATH)/CaloriCalc";
			};
			name = Release;
		};
		BF1D8B722AE68CD7001737C3 /* Debug */ = {
			isa = XCBuildConfiguration;
			buildSettings = {
				ALWAYS_EMBED_SWIFT_STANDARD_LIBRARIES = YES;
				CODE_SIGN_STYLE = Automatic;
				CURRENT_PROJECT_VERSION = 1;
				GENERATE_INFOPLIST_FILE = YES;
				MARKETING_VERSION = 1.0;
				PRODUCT_BUNDLE_IDENTIFIER = com.SpotifyTemplate.CaloriCalcUITests;
				PRODUCT_NAME = "$(TARGET_NAME)";
				SWIFT_EMIT_LOC_STRINGS = NO;
				SWIFT_VERSION = 5.0;
				TARGETED_DEVICE_FAMILY = "1,2";
				TEST_TARGET_NAME = CaloriCalc;
			};
			name = Debug;
		};
		BF1D8B732AE68CD7001737C3 /* Release */ = {
			isa = XCBuildConfiguration;
			buildSettings = {
				ALWAYS_EMBED_SWIFT_STANDARD_LIBRARIES = YES;
				CODE_SIGN_STYLE = Automatic;
				CURRENT_PROJECT_VERSION = 1;
				GENERATE_INFOPLIST_FILE = YES;
				MARKETING_VERSION = 1.0;
				PRODUCT_BUNDLE_IDENTIFIER = com.SpotifyTemplate.CaloriCalcUITests;
				PRODUCT_NAME = "$(TARGET_NAME)";
				SWIFT_EMIT_LOC_STRINGS = NO;
				SWIFT_VERSION = 5.0;
				TARGETED_DEVICE_FAMILY = "1,2";
				TEST_TARGET_NAME = CaloriCalc;
			};
			name = Release;
		};
/* End XCBuildConfiguration section */

/* Begin XCConfigurationList section */
		BF1D8B422AE68CD6001737C3 /* Build configuration list for PBXProject "CaloriCalc" */ = {
			isa = XCConfigurationList;
			buildConfigurations = (
				BF1D8B692AE68CD7001737C3 /* Debug */,
				BF1D8B6A2AE68CD7001737C3 /* Release */,
			);
			defaultConfigurationIsVisible = 0;
			defaultConfigurationName = Release;
		};
		BF1D8B6B2AE68CD7001737C3 /* Build configuration list for PBXNativeTarget "CaloriCalc" */ = {
			isa = XCConfigurationList;
			buildConfigurations = (
				BF1D8B6C2AE68CD7001737C3 /* Debug */,
				BF1D8B6D2AE68CD7001737C3 /* Release */,
			);
			defaultConfigurationIsVisible = 0;
			defaultConfigurationName = Release;
		};
		BF1D8B6E2AE68CD7001737C3 /* Build configuration list for PBXNativeTarget "CaloriCalcTests" */ = {
			isa = XCConfigurationList;
			buildConfigurations = (
				BF1D8B6F2AE68CD7001737C3 /* Debug */,
				BF1D8B702AE68CD7001737C3 /* Release */,
			);
			defaultConfigurationIsVisible = 0;
			defaultConfigurationName = Release;
		};
		BF1D8B712AE68CD7001737C3 /* Build configuration list for PBXNativeTarget "CaloriCalcUITests" */ = {
			isa = XCConfigurationList;
			buildConfigurations = (
				BF1D8B722AE68CD7001737C3 /* Debug */,
				BF1D8B732AE68CD7001737C3 /* Release */,
			);
			defaultConfigurationIsVisible = 0;
			defaultConfigurationName = Release;
		};
/* End XCConfigurationList section */
	};
	rootObject = BF1D8B3F2AE68CD6001737C3 /* Project object */;
}
